
Microsoft Visual Studio Solution File, Format Version 12.00
# Visual Studio Version 17
VisualStudioVersion = 17.9.34728.123
MinimumVisualStudioVersion = 10.0.40219.1
Project("{54A90642-561A-4BB1-A94E-469ADEE60C69}") = "react-app", "react-app.esproj", "{4F2EA3DC-BC8F-4FD5-B2B0-3421AB89C6CB}"
EndProject
Global
	GlobalSection(SolutionConfigurationPlatforms) = preSolution
		Debug|Any CPU = Debug|Any CPU
		Release|Any CPU = Release|Any CPU
	EndGlobalSection
	GlobalSection(ProjectConfigurationPlatforms) = postSolution
		{4F2EA3DC-BC8F-4FD5-B2B0-3421AB89C6CB}.Debug|Any CPU.ActiveCfg = Debug|Any CPU
		{4F2EA3DC-BC8F-4FD5-B2B0-3421AB89C6CB}.Debug|Any CPU.Build.0 = Debug|Any CPU
		{4F2EA3DC-BC8F-4FD5-B2B0-3421AB89C6CB}.Debug|Any CPU.Deploy.0 = Debug|Any CPU
		{4F2EA3DC-BC8F-4FD5-B2B0-3421AB89C6CB}.Release|Any CPU.ActiveCfg = Release|Any CPU
		{4F2EA3DC-BC8F-4FD5-B2B0-3421AB89C6CB}.Release|Any CPU.Build.0 = Release|Any CPU
		{4F2EA3DC-BC8F-4FD5-B2B0-3421AB89C6CB}.Release|Any CPU.Deploy.0 = Release|Any CPU
	EndGlobalSection
	GlobalSection(SolutionProperties) = preSolution
		HideSolutionNode = FALSE
	EndGlobalSection
	GlobalSection(ExtensibilityGlobals) = postSolution
		SolutionGuid = {5839497C-69AF-4404-ACC3-141B637564DF}
	EndGlobalSection
EndGlobal
